// !$*UTF8*$!
{
	archiveVersion = 1;
	classes = {
	};
	objectVersion = 56;
	objects = {

/* Begin PBXBuildFile section */
		FB3EC81C2B2425E100581DE6 /* Tokenizer.cpp in Sources */ = {isa = PBXBuildFile; fileRef = FB3EC81B2B2425E100581DE6 /* Tokenizer.cpp */; };
		FB3EC81E2B24360900581DE6 /* Parser.cpp in Sources */ = {isa = PBXBuildFile; fileRef = FB3EC81D2B24360900581DE6 /* Parser.cpp */; };
		FB3EC8252B250E9000581DE6 /* Compiler.cpp in Sources */ = {isa = PBXBuildFile; fileRef = FB3EC8232B250E9000581DE6 /* Compiler.cpp */; };
		FB3EC82C2B2517B900581DE6 /* llvm.h in Sources */ = {isa = PBXBuildFile; fileRef = FB3EC82B2B2517B900581DE6 /* llvm.h */; };
		FB606E3E2B08799E00AFF855 /* main.cpp in Sources */ = {isa = PBXBuildFile; fileRef = FB606E3D2B08799E00AFF855 /* main.cpp */; };
		FB9508D72B4F926A0012BFFA /* PStatement.cpp in Sources */ = {isa = PBXBuildFile; fileRef = FB9508D52B4F926A0012BFFA /* PStatement.cpp */; };
		FB9508DC2B4F92A20012BFFA /* PDeclaration.cpp in Sources */ = {isa = PBXBuildFile; fileRef = FB9508DA2B4F92A20012BFFA /* PDeclaration.cpp */; };
		FB9508E02B4F936B0012BFFA /* PValue.cpp in Sources */ = {isa = PBXBuildFile; fileRef = FB9508DE2B4F936B0012BFFA /* PValue.cpp */; };
		FB9508E42B4F94240012BFFA /* PInt.cpp in Sources */ = {isa = PBXBuildFile; fileRef = FB9508E22B4F94240012BFFA /* PInt.cpp */; };
		FB9508E82B4F94AD0012BFFA /* PIdentifier.cpp in Sources */ = {isa = PBXBuildFile; fileRef = FB9508E62B4F94AD0012BFFA /* PIdentifier.cpp */; };
/* End PBXBuildFile section */

/* Begin PBXCopyFilesBuildPhase section */
		FB606E382B08799E00AFF855 /* CopyFiles */ = {
			isa = PBXCopyFilesBuildPhase;
			buildActionMask = 2147483647;
			dstPath = /usr/share/man/man1/;
			dstSubfolderSpec = 0;
			files = (
			);
			runOnlyForDeploymentPostprocessing = 1;
		};
/* End PBXCopyFilesBuildPhase section */

/* Begin PBXFileReference section */
		FB3EC81B2B2425E100581DE6 /* Tokenizer.cpp */ = {isa = PBXFileReference; lastKnownFileType = sourcecode.cpp.cpp; path = Tokenizer.cpp; sourceTree = "<group>"; };
		FB3EC81D2B24360900581DE6 /* Parser.cpp */ = {isa = PBXFileReference; lastKnownFileType = sourcecode.cpp.cpp; path = Parser.cpp; sourceTree = "<group>"; };
		FB3EC81F2B25037400581DE6 /* Parser.h */ = {isa = PBXFileReference; lastKnownFileType = sourcecode.c.h; path = Parser.h; sourceTree = "<group>"; };
		FB3EC8202B250D5900581DE6 /* Tokenizer.h */ = {isa = PBXFileReference; lastKnownFileType = sourcecode.c.h; path = Tokenizer.h; sourceTree = "<group>"; };
		FB3EC8232B250E9000581DE6 /* Compiler.cpp */ = {isa = PBXFileReference; lastKnownFileType = sourcecode.cpp.cpp; path = Compiler.cpp; sourceTree = "<group>"; };
		FB3EC8242B250E9000581DE6 /* Compiler.hpp */ = {isa = PBXFileReference; lastKnownFileType = sourcecode.cpp.h; path = Compiler.hpp; sourceTree = "<group>"; };
		FB3EC82B2B2517B900581DE6 /* llvm.h */ = {isa = PBXFileReference; lastKnownFileType = sourcecode.c.h; path = llvm.h; sourceTree = "<group>"; };
		FB606E3A2B08799E00AFF855 /* GuinLLVM9 */ = {isa = PBXFileReference; explicitFileType = "compiled.mach-o.executable"; includeInIndex = 0; path = GuinLLVM9; sourceTree = BUILT_PRODUCTS_DIR; };
		FB606E3D2B08799E00AFF855 /* main.cpp */ = {isa = PBXFileReference; lastKnownFileType = sourcecode.cpp.cpp; path = main.cpp; sourceTree = "<group>"; };
		FB606E442B087B7C00AFF855 /* GuinLLVM9.entitlements */ = {isa = PBXFileReference; lastKnownFileType = text.plist.entitlements; path = GuinLLVM9.entitlements; sourceTree = "<group>"; };
		FB9508D52B4F926A0012BFFA /* PStatement.cpp */ = {isa = PBXFileReference; lastKnownFileType = sourcecode.cpp.cpp; path = PStatement.cpp; sourceTree = "<group>"; };
		FB9508D62B4F926A0012BFFA /* PStatement.hpp */ = {isa = PBXFileReference; lastKnownFileType = sourcecode.cpp.h; path = PStatement.hpp; sourceTree = "<group>"; };
		FB9508DA2B4F92A20012BFFA /* PDeclaration.cpp */ = {isa = PBXFileReference; lastKnownFileType = sourcecode.cpp.cpp; path = PDeclaration.cpp; sourceTree = "<group>"; };
		FB9508DB2B4F92A20012BFFA /* PDeclaration.hpp */ = {isa = PBXFileReference; lastKnownFileType = sourcecode.cpp.h; path = PDeclaration.hpp; sourceTree = "<group>"; };
		FB9508DE2B4F936B0012BFFA /* PValue.cpp */ = {isa = PBXFileReference; lastKnownFileType = sourcecode.cpp.cpp; path = PValue.cpp; sourceTree = "<group>"; };
		FB9508DF2B4F936B0012BFFA /* PValue.hpp */ = {isa = PBXFileReference; lastKnownFileType = sourcecode.cpp.h; path = PValue.hpp; sourceTree = "<group>"; };
		FB9508E22B4F94240012BFFA /* PInt.cpp */ = {isa = PBXFileReference; lastKnownFileType = sourcecode.cpp.cpp; path = PInt.cpp; sourceTree = "<group>"; };
		FB9508E32B4F94240012BFFA /* PInt.hpp */ = {isa = PBXFileReference; lastKnownFileType = sourcecode.cpp.h; path = PInt.hpp; sourceTree = "<group>"; };
		FB9508E62B4F94AD0012BFFA /* PIdentifier.cpp */ = {isa = PBXFileReference; lastKnownFileType = sourcecode.cpp.cpp; path = PIdentifier.cpp; sourceTree = "<group>"; };
		FB9508E72B4F94AD0012BFFA /* PIdentifier.hpp */ = {isa = PBXFileReference; lastKnownFileType = sourcecode.cpp.h; path = PIdentifier.hpp; sourceTree = "<group>"; };
/* End PBXFileReference section */

/* Begin PBXFrameworksBuildPhase section */
		FB606E372B08799E00AFF855 /* Frameworks */ = {
			isa = PBXFrameworksBuildPhase;
			buildActionMask = 2147483647;
			files = (
			);
			runOnlyForDeploymentPostprocessing = 0;
		};
/* End PBXFrameworksBuildPhase section */

/* Begin PBXGroup section */
		FB3EC8212B250E5900581DE6 /* Tokenizer */ = {
			isa = PBXGroup;
			children = (
				FB3EC8202B250D5900581DE6 /* Tokenizer.h */,
				FB3EC81B2B2425E100581DE6 /* Tokenizer.cpp */,
			);
			path = Tokenizer;
			sourceTree = "<group>";
		};
		FB3EC8222B250E6400581DE6 /* Parser */ = {
			isa = PBXGroup;
			children = (
				FB3EC81F2B25037400581DE6 /* Parser.h */,
				FB3EC81D2B24360900581DE6 /* Parser.cpp */,
				FB9508D82B4F92710012BFFA /* PStatement */,
			);
			path = Parser;
			sourceTree = "<group>";
		};
		FB3EC8262B250E9E00581DE6 /* Compiler */ = {
			isa = PBXGroup;
			children = (
				FB3EC8242B250E9000581DE6 /* Compiler.hpp */,
				FB3EC8232B250E9000581DE6 /* Compiler.cpp */,
			);
			path = Compiler;
			sourceTree = "<group>";
		};
		FB606E312B08799E00AFF855 = {
			isa = PBXGroup;
			children = (
				FB606E3C2B08799E00AFF855 /* GuinLLVM9 */,
				FB606E3B2B08799E00AFF855 /* Products */,
			);
			sourceTree = "<group>";
		};
		FB606E3B2B08799E00AFF855 /* Products */ = {
			isa = PBXGroup;
			children = (
				FB606E3A2B08799E00AFF855 /* GuinLLVM9 */,
			);
			name = Products;
			sourceTree = "<group>";
		};
		FB606E3C2B08799E00AFF855 /* GuinLLVM9 */ = {
			isa = PBXGroup;
			children = (
				FB606E442B087B7C00AFF855 /* GuinLLVM9.entitlements */,
				FB606E3D2B08799E00AFF855 /* main.cpp */,
				FB3EC82B2B2517B900581DE6 /* llvm.h */,
				FB3EC8212B250E5900581DE6 /* Tokenizer */,
				FB3EC8262B250E9E00581DE6 /* Compiler */,
				FB3EC8222B250E6400581DE6 /* Parser */,
			);
			path = GuinLLVM9;
			sourceTree = "<group>";
		};
		FB9508D82B4F92710012BFFA /* PStatement */ = {
			isa = PBXGroup;
			children = (
				FB9508D62B4F926A0012BFFA /* PStatement.hpp */,
				FB9508D52B4F926A0012BFFA /* PStatement.cpp */,
				FB9508DD2B4F93590012BFFA /* PValue */,
				FB9508D92B4F928E0012BFFA /* PDeclaration */,
			);
			path = PStatement;
			sourceTree = "<group>";
		};
		FB9508D92B4F928E0012BFFA /* PDeclaration */ = {
			isa = PBXGroup;
			children = (
				FB9508DB2B4F92A20012BFFA /* PDeclaration.hpp */,
				FB9508DA2B4F92A20012BFFA /* PDeclaration.cpp */,
			);
			path = PDeclaration;
			sourceTree = "<group>";
		};
		FB9508DD2B4F93590012BFFA /* PValue */ = {
			isa = PBXGroup;
			children = (
				FB9508DF2B4F936B0012BFFA /* PValue.hpp */,
				FB9508DE2B4F936B0012BFFA /* PValue.cpp */,
				FB9508E52B4F94800012BFFA /* PIdentifier */,
				FB9508E12B4F94140012BFFA /* PInt */,
			);
			path = PValue;
			sourceTree = "<group>";
		};
		FB9508E12B4F94140012BFFA /* PInt */ = {
			isa = PBXGroup;
			children = (
				FB9508E32B4F94240012BFFA /* PInt.hpp */,
				FB9508E22B4F94240012BFFA /* PInt.cpp */,
			);
			path = PInt;
			sourceTree = "<group>";
		};
		FB9508E52B4F94800012BFFA /* PIdentifier */ = {
			isa = PBXGroup;
			children = (
				FB9508E72B4F94AD0012BFFA /* PIdentifier.hpp */,
				FB9508E62B4F94AD0012BFFA /* PIdentifier.cpp */,
			);
			path = PIdentifier;
			sourceTree = "<group>";
		};
/* End PBXGroup section */

/* Begin PBXNativeTarget section */
		FB606E392B08799E00AFF855 /* GuinLLVM9 */ = {
			isa = PBXNativeTarget;
			buildConfigurationList = FB606E412B08799E00AFF855 /* Build configuration list for PBXNativeTarget "GuinLLVM9" */;
			buildPhases = (
				FB606E362B08799E00AFF855 /* Sources */,
				FB606E372B08799E00AFF855 /* Frameworks */,
				FB606E382B08799E00AFF855 /* CopyFiles */,
			);
			buildRules = (
			);
			dependencies = (
			);
			name = GuinLLVM9;
			productName = GuinLLVM9;
			productReference = FB606E3A2B08799E00AFF855 /* GuinLLVM9 */;
			productType = "com.apple.product-type.tool";
		};
/* End PBXNativeTarget section */

/* Begin PBXProject section */
		FB606E322B08799E00AFF855 /* Project object */ = {
			isa = PBXProject;
			attributes = {
				BuildIndependentTargetsInParallel = 1;
				LastUpgradeCheck = 1500;
				TargetAttributes = {
					FB606E392B08799E00AFF855 = {
						CreatedOnToolsVersion = 15.0.1;
					};
				};
			};
			buildConfigurationList = FB606E352B08799E00AFF855 /* Build configuration list for PBXProject "GuinLLVM9" */;
			compatibilityVersion = "Xcode 14.0";
			developmentRegion = en;
			hasScannedForEncodings = 0;
			knownRegions = (
				en,
				Base,
			);
			mainGroup = FB606E312B08799E00AFF855;
			productRefGroup = FB606E3B2B08799E00AFF855 /* Products */;
			projectDirPath = "";
			projectRoot = "";
			targets = (
				FB606E392B08799E00AFF855 /* GuinLLVM9 */,
			);
		};
/* End PBXProject section */

/* Begin PBXSourcesBuildPhase section */
		FB606E362B08799E00AFF855 /* Sources */ = {
			isa = PBXSourcesBuildPhase;
			buildActionMask = 2147483647;
			files = (
				FB606E3E2B08799E00AFF855 /* main.cpp in Sources */,
				FB3EC81E2B24360900581DE6 /* Parser.cpp in Sources */,
				FB3EC82C2B2517B900581DE6 /* llvm.h in Sources */,
				FB9508E02B4F936B0012BFFA /* PValue.cpp in Sources */,
				FB9508D72B4F926A0012BFFA /* PStatement.cpp in Sources */,
				FB3EC8252B250E9000581DE6 /* Compiler.cpp in Sources */,
				FB9508E42B4F94240012BFFA /* PInt.cpp in Sources */,
				FB3EC81C2B2425E100581DE6 /* Tokenizer.cpp in Sources */,
				FB9508DC2B4F92A20012BFFA /* PDeclaration.cpp in Sources */,
				FB9508E82B4F94AD0012BFFA /* PIdentifier.cpp in Sources */,
			);
			runOnlyForDeploymentPostprocessing = 0;
		};
/* End PBXSourcesBuildPhase section */

/* Begin XCBuildConfiguration section */
		FB606E3F2B08799E00AFF855 /* Debug */ = {
			isa = XCBuildConfiguration;
			buildSettings = {
				ALWAYS_SEARCH_USER_PATHS = NO;
				ASSETCATALOG_COMPILER_GENERATE_SWIFT_ASSET_SYMBOL_EXTENSIONS = YES;
				CLANG_ANALYZER_NONNULL = YES;
				CLANG_ANALYZER_NUMBER_OBJECT_CONVERSION = YES_AGGRESSIVE;
				CLANG_CXX_LANGUAGE_STANDARD = "gnu++20";
				CLANG_ENABLE_MODULES = YES;
				CLANG_ENABLE_OBJC_ARC = YES;
				CLANG_ENABLE_OBJC_WEAK = YES;
				CLANG_WARN_BLOCK_CAPTURE_AUTORELEASING = YES;
				CLANG_WARN_BOOL_CONVERSION = YES;
				CLANG_WARN_COMMA = YES;
				CLANG_WARN_CONSTANT_CONVERSION = YES;
				CLANG_WARN_DEPRECATED_OBJC_IMPLEMENTATIONS = YES;
				CLANG_WARN_DIRECT_OBJC_ISA_USAGE = YES_ERROR;
				CLANG_WARN_DOCUMENTATION_COMMENTS = YES;
				CLANG_WARN_EMPTY_BODY = YES;
				CLANG_WARN_ENUM_CONVERSION = YES;
				CLANG_WARN_INFINITE_RECURSION = YES;
				CLANG_WARN_INT_CONVERSION = YES;
				CLANG_WARN_NON_LITERAL_NULL_CONVERSION = YES;
				CLANG_WARN_OBJC_IMPLICIT_RETAIN_SELF = YES;
				CLANG_WARN_OBJC_LITERAL_CONVERSION = YES;
				CLANG_WARN_OBJC_ROOT_CLASS = YES_ERROR;
				CLANG_WARN_QUOTED_INCLUDE_IN_FRAMEWORK_HEADER = YES;
				CLANG_WARN_RANGE_LOOP_ANALYSIS = YES;
				CLANG_WARN_STRICT_PROTOTYPES = YES;
				CLANG_WARN_SUSPICIOUS_MOVE = YES;
				CLANG_WARN_UNGUARDED_AVAILABILITY = YES_AGGRESSIVE;
				CLANG_WARN_UNREACHABLE_CODE = YES;
				CLANG_WARN__DUPLICATE_METHOD_MATCH = YES;
				COPY_PHASE_STRIP = NO;
				DEBUG_INFORMATION_FORMAT = dwarf;
				ENABLE_STRICT_OBJC_MSGSEND = YES;
				ENABLE_TESTABILITY = YES;
				ENABLE_USER_SCRIPT_SANDBOXING = YES;
				GCC_C_LANGUAGE_STANDARD = gnu17;
				GCC_DYNAMIC_NO_PIC = NO;
				GCC_NO_COMMON_BLOCKS = YES;
				GCC_OPTIMIZATION_LEVEL = 0;
				GCC_PREPROCESSOR_DEFINITIONS = (
					"DEBUG=1",
					"$(inherited)",
				);
				GCC_WARN_64_TO_32_BIT_CONVERSION = YES;
				GCC_WARN_ABOUT_RETURN_TYPE = YES_ERROR;
				GCC_WARN_UNDECLARED_SELECTOR = YES;
				GCC_WARN_UNINITIALIZED_AUTOS = YES_AGGRESSIVE;
				GCC_WARN_UNUSED_FUNCTION = YES;
				GCC_WARN_UNUSED_VARIABLE = YES;
				HEADER_SEARCH_PATHS = "/usr/local/Cellar/llvm@11/11.1.0_4/include";
				LIBRARY_SEARCH_PATHS = "/usr/local/Cellar/llvm@11/11.1.0_4/lib";
				LOCALIZATION_PREFERS_STRING_CATALOGS = YES;
				MACOSX_DEPLOYMENT_TARGET = 14.0;
				MTL_ENABLE_DEBUG_INFO = INCLUDE_SOURCE;
				MTL_FAST_MATH = YES;
				ONLY_ACTIVE_ARCH = YES;
				OTHER_CPLUSPLUSFLAGS = (
					"$(OTHER_CFLAGS)",
					"-D__STDC_CONSTANT_MACROS",
					"-D__STDC_FORMAT_MACROS",
					"-D__STDC_LIMIT_MACROS",
				);
				OTHER_LDFLAGS = (
					"-lLLVMCore",
					"-lLLVMRemarks",
					"-lLLVMBitstreamReader",
					"-lLLVMBinaryFormat",
					"-lLLVMSupport",
					"-lLLVMDemangle",
				);
				SDKROOT = macosx;
			};
			name = Debug;
		};
		FB606E402B08799E00AFF855 /* Release */ = {
			isa = XCBuildConfiguration;
			buildSettings = {
				ALWAYS_SEARCH_USER_PATHS = NO;
				ASSETCATALOG_COMPILER_GENERATE_SWIFT_ASSET_SYMBOL_EXTENSIONS = YES;
				CLANG_ANALYZER_NONNULL = YES;
				CLANG_ANALYZER_NUMBER_OBJECT_CONVERSION = YES_AGGRESSIVE;
				CLANG_CXX_LANGUAGE_STANDARD = "gnu++20";
				CLANG_ENABLE_MODULES = YES;
				CLANG_ENABLE_OBJC_ARC = YES;
				CLANG_ENABLE_OBJC_WEAK = YES;
				CLANG_WARN_BLOCK_CAPTURE_AUTORELEASING = YES;
				CLANG_WARN_BOOL_CONVERSION = YES;
				CLANG_WARN_COMMA = YES;
				CLANG_WARN_CONSTANT_CONVERSION = YES;
				CLANG_WARN_DEPRECATED_OBJC_IMPLEMENTATIONS = YES;
				CLANG_WARN_DIRECT_OBJC_ISA_USAGE = YES_ERROR;
				CLANG_WARN_DOCUMENTATION_COMMENTS = YES;
				CLANG_WARN_EMPTY_BODY = YES;
				CLANG_WARN_ENUM_CONVERSION = YES;
				CLANG_WARN_INFINITE_RECURSION = YES;
				CLANG_WARN_INT_CONVERSION = YES;
				CLANG_WARN_NON_LITERAL_NULL_CONVERSION = YES;
				CLANG_WARN_OBJC_IMPLICIT_RETAIN_SELF = YES;
				CLANG_WARN_OBJC_LITERAL_CONVERSION = YES;
				CLANG_WARN_OBJC_ROOT_CLASS = YES_ERROR;
				CLANG_WARN_QUOTED_INCLUDE_IN_FRAMEWORK_HEADER = YES;
				CLANG_WARN_RANGE_LOOP_ANALYSIS = YES;
				CLANG_WARN_STRICT_PROTOTYPES = YES;
				CLANG_WARN_SUSPICIOUS_MOVE = YES;
				CLANG_WARN_UNGUARDED_AVAILABILITY = YES_AGGRESSIVE;
				CLANG_WARN_UNREACHABLE_CODE = YES;
				CLANG_WARN__DUPLICATE_METHOD_MATCH = YES;
				COPY_PHASE_STRIP = NO;
				DEBUG_INFORMATION_FORMAT = "dwarf-with-dsym";
				ENABLE_NS_ASSERTIONS = NO;
				ENABLE_STRICT_OBJC_MSGSEND = YES;
				ENABLE_USER_SCRIPT_SANDBOXING = YES;
				GCC_C_LANGUAGE_STANDARD = gnu17;
				GCC_NO_COMMON_BLOCKS = YES;
				GCC_WARN_64_TO_32_BIT_CONVERSION = YES;
				GCC_WARN_ABOUT_RETURN_TYPE = YES_ERROR;
				GCC_WARN_UNDECLARED_SELECTOR = YES;
				GCC_WARN_UNINITIALIZED_AUTOS = YES_AGGRESSIVE;
				GCC_WARN_UNUSED_FUNCTION = YES;
				GCC_WARN_UNUSED_VARIABLE = YES;
				HEADER_SEARCH_PATHS = "/usr/local/Cellar/llvm@11/11.1.0_4/include";
				LIBRARY_SEARCH_PATHS = "/usr/local/Cellar/llvm@11/11.1.0_4/lib";
				LOCALIZATION_PREFERS_STRING_CATALOGS = YES;
				MACOSX_DEPLOYMENT_TARGET = 14.0;
				MTL_ENABLE_DEBUG_INFO = NO;
				MTL_FAST_MATH = YES;
				OTHER_CPLUSPLUSFLAGS = (
					"$(OTHER_CFLAGS)",
					"-D__STDC_CONSTANT_MACROS",
					"-D__STDC_FORMAT_MACROS",
					"-D__STDC_LIMIT_MACROS",
				);
				OTHER_LDFLAGS = (
					"-lLLVMCore",
					"-lLLVMRemarks",
					"-lLLVMBitstreamReader",
					"-lLLVMBinaryFormat",
					"-lLLVMSupport",
					"-lLLVMDemangle",
				);
				SDKROOT = macosx;
			};
			name = Release;
		};
		FB606E422B08799E00AFF855 /* Debug */ = {
			isa = XCBuildConfiguration;
			buildSettings = {
				CODE_SIGN_ENTITLEMENTS = GuinLLVM9/GuinLLVM9.entitlements;
				CODE_SIGN_STYLE = Automatic;
				DEVELOPMENT_TEAM = 64Q9YVZ5VG;
				ENABLE_HARDENED_RUNTIME = YES;
				OTHER_LDFLAGS = (
					"-lncurses",
					"-lLLVMCore",
					"-lLLVMRemarks",
					"-lLLVMBitstreamReader",
					"-lLLVMBinaryFormat",
					"-lLLVMSupport",
					"-lLLVMDemangle",
				);
				PRODUCT_NAME = "$(TARGET_NAME)";
			};
			name = Debug;
		};
		FB606E432B08799E00AFF855 /* Release */ = {
			isa = XCBuildConfiguration;
			buildSettings = {
				CODE_SIGN_ENTITLEMENTS = GuinLLVM9/GuinLLVM9.entitlements;
				CODE_SIGN_STYLE = Automatic;
				DEVELOPMENT_TEAM = 64Q9YVZ5VG;
				ENABLE_HARDENED_RUNTIME = YES;
				OTHER_LDFLAGS = (
					"-lncurses",
					"-lLLVMCore",
					"-lLLVMRemarks",
					"-lLLVMBitstreamReader",
					"-lLLVMBinaryFormat",
					"-lLLVMSupport",
					"-lLLVMDemangle",
				);
				PRODUCT_NAME = "$(TARGET_NAME)";
			};
			name = Release;
		};
/* End XCBuildConfiguration section */

/* Begin XCConfigurationList section */
		FB606E352B08799E00AFF855 /* Build configuration list for PBXProject "GuinLLVM9" */ = {
			isa = XCConfigurationList;
			buildConfigurations = (
				FB606E3F2B08799E00AFF855 /* Debug */,
				FB606E402B08799E00AFF855 /* Release */,
			);
			defaultConfigurationIsVisible = 0;
			defaultConfigurationName = Release;
		};
		FB606E412B08799E00AFF855 /* Build configuration list for PBXNativeTarget "GuinLLVM9" */ = {
			isa = XCConfigurationList;
			buildConfigurations = (
				FB606E422B08799E00AFF855 /* Debug */,
				FB606E432B08799E00AFF855 /* Release */,
			);
			defaultConfigurationIsVisible = 0;
			defaultConfigurationName = Release;
		};
/* End XCConfigurationList section */
	};
	rootObject = FB606E322B08799E00AFF855 /* Project object */;
}
